// !$*UTF8*$!
{
	archiveVersion = 1;
	classes = {
	};
	objectVersion = 50;
	objects = {

/* Begin PBXBuildFile section */
		96D038782294392D00124724 /* AppDelegate.swift in Sources */ = {isa = PBXBuildFile; fileRef = 96D038772294392D00124724 /* AppDelegate.swift */; };
		96D0387A2294392D00124724 /* ViewController.swift in Sources */ = {isa = PBXBuildFile; fileRef = 96D038792294392D00124724 /* ViewController.swift */; };
		96D0387D2294392D00124724 /* Main.storyboard in Resources */ = {isa = PBXBuildFile; fileRef = 96D0387B2294392D00124724 /* Main.storyboard */; };
		96D0387F2294392E00124724 /* Assets.xcassets in Resources */ = {isa = PBXBuildFile; fileRef = 96D0387E2294392E00124724 /* Assets.xcassets */; };
		96D038822294392E00124724 /* LaunchScreen.storyboard in Resources */ = {isa = PBXBuildFile; fileRef = 96D038802294392E00124724 /* LaunchScreen.storyboard */; };
		96D0388D2294392E00124724 /* INIAD_IoTTests.swift in Sources */ = {isa = PBXBuildFile; fileRef = 96D0388C2294392E00124724 /* INIAD_IoTTests.swift */; };
		96D038982294392E00124724 /* INIAD_IoTUITests.swift in Sources */ = {isa = PBXBuildFile; fileRef = 96D038972294392E00124724 /* INIAD_IoTUITests.swift */; };
/* End PBXBuildFile section */

/* Begin PBXContainerItemProxy section */
		96D038892294392E00124724 /* PBXContainerItemProxy */ = {
			isa = PBXContainerItemProxy;
			containerPortal = 96D0386C2294392D00124724 /* Project object */;
			proxyType = 1;
			remoteGlobalIDString = 96D038732294392D00124724;
			remoteInfo = "INIAD IoT";
		};
		96D038942294392E00124724 /* PBXContainerItemProxy */ = {
			isa = PBXContainerItemProxy;
			containerPortal = 96D0386C2294392D00124724 /* Project object */;
			proxyType = 1;
			remoteGlobalIDString = 96D038732294392D00124724;
			remoteInfo = "INIAD IoT";
		};
/* End PBXContainerItemProxy section */

/* Begin PBXFileReference section */
		96D038742294392D00124724 /* INIAD IoT.app */ = {isa = PBXFileReference; explicitFileType = wrapper.application; includeInIndex = 0; path = "INIAD IoT.app"; sourceTree = BUILT_PRODUCTS_DIR; };
		96D038772294392D00124724 /* AppDelegate.swift */ = {isa = PBXFileReference; lastKnownFileType = sourcecode.swift; path = AppDelegate.swift; sourceTree = "<group>"; };
		96D038792294392D00124724 /* ViewController.swift */ = {isa = PBXFileReference; lastKnownFileType = sourcecode.swift; path = ViewController.swift; sourceTree = "<group>"; };
		96D0387C2294392D00124724 /* Base */ = {isa = PBXFileReference; lastKnownFileType = file.storyboard; name = Base; path = Base.lproj/Main.storyboard; sourceTree = "<group>"; };
		96D0387E2294392E00124724 /* Assets.xcassets */ = {isa = PBXFileReference; lastKnownFileType = folder.assetcatalog; path = Assets.xcassets; sourceTree = "<group>"; };
		96D038812294392E00124724 /* Base */ = {isa = PBXFileReference; lastKnownFileType = file.storyboard; name = Base; path = Base.lproj/LaunchScreen.storyboard; sourceTree = "<group>"; };
		96D038832294392E00124724 /* Info.plist */ = {isa = PBXFileReference; lastKnownFileType = text.plist.xml; path = Info.plist; sourceTree = "<group>"; };
		96D038882294392E00124724 /* INIAD IoTTests.xctest */ = {isa = PBXFileReference; explicitFileType = wrapper.cfbundle; includeInIndex = 0; path = "INIAD IoTTests.xctest"; sourceTree = BUILT_PRODUCTS_DIR; };
		96D0388C2294392E00124724 /* INIAD_IoTTests.swift */ = {isa = PBXFileReference; lastKnownFileType = sourcecode.swift; path = INIAD_IoTTests.swift; sourceTree = "<group>"; };
		96D0388E2294392E00124724 /* Info.plist */ = {isa = PBXFileReference; lastKnownFileType = text.plist.xml; path = Info.plist; sourceTree = "<group>"; };
		96D038932294392E00124724 /* INIAD IoTUITests.xctest */ = {isa = PBXFileReference; explicitFileType = wrapper.cfbundle; includeInIndex = 0; path = "INIAD IoTUITests.xctest"; sourceTree = BUILT_PRODUCTS_DIR; };
		96D038972294392E00124724 /* INIAD_IoTUITests.swift */ = {isa = PBXFileReference; lastKnownFileType = sourcecode.swift; path = INIAD_IoTUITests.swift; sourceTree = "<group>"; };
		96D038992294392E00124724 /* Info.plist */ = {isa = PBXFileReference; lastKnownFileType = text.plist.xml; path = Info.plist; sourceTree = "<group>"; };
/* End PBXFileReference section */

/* Begin PBXFrameworksBuildPhase section */
		96D038712294392D00124724 /* Frameworks */ = {
			isa = PBXFrameworksBuildPhase;
			buildActionMask = 2147483647;
			files = (
			);
			runOnlyForDeploymentPostprocessing = 0;
		};
		96D038852294392E00124724 /* Frameworks */ = {
			isa = PBXFrameworksBuildPhase;
			buildActionMask = 2147483647;
			files = (
			);
			runOnlyForDeploymentPostprocessing = 0;
		};
		96D038902294392E00124724 /* Frameworks */ = {
			isa = PBXFrameworksBuildPhase;
			buildActionMask = 2147483647;
			files = (
			);
			runOnlyForDeploymentPostprocessing = 0;
		};
/* End PBXFrameworksBuildPhase section */

/* Begin PBXGroup section */
		96D0386B2294392D00124724 = {
			isa = PBXGroup;
			children = (
				96D038762294392D00124724 /* INIAD IoT */,
				96D0388B2294392E00124724 /* INIAD IoTTests */,
				96D038962294392E00124724 /* INIAD IoTUITests */,
				96D038752294392D00124724 /* Products */,
			);
			sourceTree = "<group>";
		};
		96D038752294392D00124724 /* Products */ = {
			isa = PBXGroup;
			children = (
				96D038742294392D00124724 /* INIAD IoT.app */,
				96D038882294392E00124724 /* INIAD IoTTests.xctest */,
				96D038932294392E00124724 /* INIAD IoTUITests.xctest */,
			);
			name = Products;
			sourceTree = "<group>";
		};
		96D038762294392D00124724 /* INIAD IoT */ = {
			isa = PBXGroup;
			children = (
				96D038772294392D00124724 /* AppDelegate.swift */,
				96D038792294392D00124724 /* ViewController.swift */,
				96D0387B2294392D00124724 /* Main.storyboard */,
				96D0387E2294392E00124724 /* Assets.xcassets */,
				96D038802294392E00124724 /* LaunchScreen.storyboard */,
				96D038832294392E00124724 /* Info.plist */,
			);
			path = "INIAD IoT";
			sourceTree = "<group>";
		};
		96D0388B2294392E00124724 /* INIAD IoTTests */ = {
			isa = PBXGroup;
			children = (
				96D0388C2294392E00124724 /* INIAD_IoTTests.swift */,
				96D0388E2294392E00124724 /* Info.plist */,
			);
			path = "INIAD IoTTests";
			sourceTree = "<group>";
		};
		96D038962294392E00124724 /* INIAD IoTUITests */ = {
			isa = PBXGroup;
			children = (
				96D038972294392E00124724 /* INIAD_IoTUITests.swift */,
				96D038992294392E00124724 /* Info.plist */,
			);
			path = "INIAD IoTUITests";
			sourceTree = "<group>";
		};
/* End PBXGroup section */

/* Begin PBXNativeTarget section */
		96D038732294392D00124724 /* INIAD IoT */ = {
			isa = PBXNativeTarget;
			buildConfigurationList = 96D0389C2294392E00124724 /* Build configuration list for PBXNativeTarget "INIAD IoT" */;
			buildPhases = (
				96D038702294392D00124724 /* Sources */,
				96D038712294392D00124724 /* Frameworks */,
				96D038722294392D00124724 /* Resources */,
			);
			buildRules = (
			);
			dependencies = (
			);
			name = "INIAD IoT";
			productName = "INIAD IoT";
			productReference = 96D038742294392D00124724 /* INIAD IoT.app */;
			productType = "com.apple.product-type.application";
		};
		96D038872294392E00124724 /* INIAD IoTTests */ = {
			isa = PBXNativeTarget;
			buildConfigurationList = 96D0389F2294392E00124724 /* Build configuration list for PBXNativeTarget "INIAD IoTTests" */;
			buildPhases = (
				96D038842294392E00124724 /* Sources */,
				96D038852294392E00124724 /* Frameworks */,
				96D038862294392E00124724 /* Resources */,
			);
			buildRules = (
			);
			dependencies = (
				96D0388A2294392E00124724 /* PBXTargetDependency */,
			);
			name = "INIAD IoTTests";
			productName = "INIAD IoTTests";
			productReference = 96D038882294392E00124724 /* INIAD IoTTests.xctest */;
			productType = "com.apple.product-type.bundle.unit-test";
		};
		96D038922294392E00124724 /* INIAD IoTUITests */ = {
			isa = PBXNativeTarget;
			buildConfigurationList = 96D038A22294392E00124724 /* Build configuration list for PBXNativeTarget "INIAD IoTUITests" */;
			buildPhases = (
				96D0388F2294392E00124724 /* Sources */,
				96D038902294392E00124724 /* Frameworks */,
				96D038912294392E00124724 /* Resources */,
			);
			buildRules = (
			);
			dependencies = (
				96D038952294392E00124724 /* PBXTargetDependency */,
			);
			name = "INIAD IoTUITests";
			productName = "INIAD IoTUITests";
			productReference = 96D038932294392E00124724 /* INIAD IoTUITests.xctest */;
			productType = "com.apple.product-type.bundle.ui-testing";
		};
/* End PBXNativeTarget section */

/* Begin PBXProject section */
		96D0386C2294392D00124724 /* Project object */ = {
			isa = PBXProject;
			attributes = {
				LastSwiftUpdateCheck = 1020;
				LastUpgradeCheck = 1020;
				ORGANIZATIONNAME = Kentaro;
				TargetAttributes = {
					96D038732294392D00124724 = {
						CreatedOnToolsVersion = 10.2.1;
					};
					96D038872294392E00124724 = {
						CreatedOnToolsVersion = 10.2.1;
						TestTargetID = 96D038732294392D00124724;
					};
					96D038922294392E00124724 = {
						CreatedOnToolsVersion = 10.2.1;
						TestTargetID = 96D038732294392D00124724;
					};
				};
			};
			buildConfigurationList = 96D0386F2294392D00124724 /* Build configuration list for PBXProject "INIAD IoT" */;
			compatibilityVersion = "Xcode 9.3";
			developmentRegion = en;
			hasScannedForEncodings = 0;
			knownRegions = (
				en,
				Base,
			);
			mainGroup = 96D0386B2294392D00124724;
			productRefGroup = 96D038752294392D00124724 /* Products */;
			projectDirPath = "";
			projectRoot = "";
			targets = (
				96D038732294392D00124724 /* INIAD IoT */,
				96D038872294392E00124724 /* INIAD IoTTests */,
				96D038922294392E00124724 /* INIAD IoTUITests */,
			);
		};
/* End PBXProject section */

/* Begin PBXResourcesBuildPhase section */
		96D038722294392D00124724 /* Resources */ = {
			isa = PBXResourcesBuildPhase;
			buildActionMask = 2147483647;
			files = (
				96D038822294392E00124724 /* LaunchScreen.storyboard in Resources */,
				96D0387F2294392E00124724 /* Assets.xcassets in Resources */,
				96D0387D2294392D00124724 /* Main.storyboard in Resources */,
			);
			runOnlyForDeploymentPostprocessing = 0;
		};
		96D038862294392E00124724 /* Resources */ = {
			isa = PBXResourcesBuildPhase;
			buildActionMask = 2147483647;
			files = (
			);
			runOnlyForDeploymentPostprocessing = 0;
		};
		96D038912294392E00124724 /* Resources */ = {
			isa = PBXResourcesBuildPhase;
			buildActionMask = 2147483647;
			files = (
			);
			runOnlyForDeploymentPostprocessing = 0;
		};
/* End PBXResourcesBuildPhase section */

/* Begin PBXSourcesBuildPhase section */
		96D038702294392D00124724 /* Sources */ = {
			isa = PBXSourcesBuildPhase;
			buildActionMask = 2147483647;
			files = (
				96D0387A2294392D00124724 /* ViewController.swift in Sources */,
				96D038782294392D00124724 /* AppDelegate.swift in Sources */,
			);
			runOnlyForDeploymentPostprocessing = 0;
		};
		96D038842294392E00124724 /* Sources */ = {
			isa = PBXSourcesBuildPhase;
			buildActionMask = 2147483647;
			files = (
				96D0388D2294392E00124724 /* INIAD_IoTTests.swift in Sources */,
			);
			runOnlyForDeploymentPostprocessing = 0;
		};
		96D0388F2294392E00124724 /* Sources */ = {
			isa = PBXSourcesBuildPhase;
			buildActionMask = 2147483647;
			files = (
				96D038982294392E00124724 /* INIAD_IoTUITests.swift in Sources */,
			);
			runOnlyForDeploymentPostprocessing = 0;
		};
/* End PBXSourcesBuildPhase section */

/* Begin PBXTargetDependency section */
		96D0388A2294392E00124724 /* PBXTargetDependency */ = {
			isa = PBXTargetDependency;
			target = 96D038732294392D00124724 /* INIAD IoT */;
			targetProxy = 96D038892294392E00124724 /* PBXContainerItemProxy */;
		};
		96D038952294392E00124724 /* PBXTargetDependency */ = {
			isa = PBXTargetDependency;
			target = 96D038732294392D00124724 /* INIAD IoT */;
			targetProxy = 96D038942294392E00124724 /* PBXContainerItemProxy */;
		};
/* End PBXTargetDependency section */

/* Begin PBXVariantGroup section */
		96D0387B2294392D00124724 /* Main.storyboard */ = {
			isa = PBXVariantGroup;
			children = (
				96D0387C2294392D00124724 /* Base */,
			);
			name = Main.storyboard;
			sourceTree = "<group>";
		};
		96D038802294392E00124724 /* LaunchScreen.storyboard */ = {
			isa = PBXVariantGroup;
			children = (
				96D038812294392E00124724 /* Base */,
			);
			name = LaunchScreen.storyboard;
			sourceTree = "<group>";
		};
/* End PBXVariantGroup section */

/* Begin XCBuildConfiguration section */
		96D0389A2294392E00124724 /* Debug */ = {
			isa = XCBuildConfiguration;
			buildSettings = {
				ALWAYS_SEARCH_USER_PATHS = NO;
				CLANG_ANALYZER_NONNULL = YES;
				CLANG_ANALYZER_NUMBER_OBJECT_CONVERSION = YES_AGGRESSIVE;
				CLANG_CXX_LANGUAGE_STANDARD = "gnu++14";
				CLANG_CXX_LIBRARY = "libc++";
				CLANG_ENABLE_MODULES = YES;
				CLANG_ENABLE_OBJC_ARC = YES;
				CLANG_ENABLE_OBJC_WEAK = YES;
				CLANG_WARN_BLOCK_CAPTURE_AUTORELEASING = YES;
				CLANG_WARN_BOOL_CONVERSION = YES;
				CLANG_WARN_COMMA = YES;
				CLANG_WARN_CONSTANT_CONVERSION = YES;
				CLANG_WARN_DEPRECATED_OBJC_IMPLEMENTATIONS = YES;
				CLANG_WARN_DIRECT_OBJC_ISA_USAGE = YES_ERROR;
				CLANG_WARN_DOCUMENTATION_COMMENTS = YES;
				CLANG_WARN_EMPTY_BODY = YES;
				CLANG_WARN_ENUM_CONVERSION = YES;
				CLANG_WARN_INFINITE_RECURSION = YES;
				CLANG_WARN_INT_CONVERSION = YES;
				CLANG_WARN_NON_LITERAL_NULL_CONVERSION = YES;
				CLANG_WARN_OBJC_IMPLICIT_RETAIN_SELF = YES;
				CLANG_WARN_OBJC_LITERAL_CONVERSION = YES;
				CLANG_WARN_OBJC_ROOT_CLASS = YES_ERROR;
				CLANG_WARN_RANGE_LOOP_ANALYSIS = YES;
				CLANG_WARN_STRICT_PROTOTYPES = YES;
				CLANG_WARN_SUSPICIOUS_MOVE = YES;
				CLANG_WARN_UNGUARDED_AVAILABILITY = YES_AGGRESSIVE;
				CLANG_WARN_UNREACHABLE_CODE = YES;
				CLANG_WARN__DUPLICATE_METHOD_MATCH = YES;
				CODE_SIGN_IDENTITY = "iPhone Developer";
				COPY_PHASE_STRIP = NO;
				DEBUG_INFORMATION_FORMAT = dwarf;
				ENABLE_STRICT_OBJC_MSGSEND = YES;
				ENABLE_TESTABILITY = YES;
				GCC_C_LANGUAGE_STANDARD = gnu11;
				GCC_DYNAMIC_NO_PIC = NO;
				GCC_NO_COMMON_BLOCKS = YES;
				GCC_OPTIMIZATION_LEVEL = 0;
				GCC_PREPROCESSOR_DEFINITIONS = (
					"DEBUG=1",
					"$(inherited)",
				);
				GCC_WARN_64_TO_32_BIT_CONVERSION = YES;
				GCC_WARN_ABOUT_RETURN_TYPE = YES_ERROR;
				GCC_WARN_UNDECLARED_SELECTOR = YES;
				GCC_WARN_UNINITIALIZED_AUTOS = YES_AGGRESSIVE;
				GCC_WARN_UNUSED_FUNCTION = YES;
				GCC_WARN_UNUSED_VARIABLE = YES;
				IPHONEOS_DEPLOYMENT_TARGET = 12.2;
				MTL_ENABLE_DEBUG_INFO = INCLUDE_SOURCE;
				MTL_FAST_MATH = YES;
				ONLY_ACTIVE_ARCH = YES;
				SDKROOT = iphoneos;
				SWIFT_ACTIVE_COMPILATION_CONDITIONS = DEBUG;
				SWIFT_OPTIMIZATION_LEVEL = "-Onone";
			};
			name = Debug;
		};
		96D0389B2294392E00124724 /* Release */ = {
			isa = XCBuildConfiguration;
			buildSettings = {
				ALWAYS_SEARCH_USER_PATHS = NO;
				CLANG_ANALYZER_NONNULL = YES;
				CLANG_ANALYZER_NUMBER_OBJECT_CONVERSION = YES_AGGRESSIVE;
				CLANG_CXX_LANGUAGE_STANDARD = "gnu++14";
				CLANG_CXX_LIBRARY = "libc++";
				CLANG_ENABLE_MODULES = YES;
				CLANG_ENABLE_OBJC_ARC = YES;
				CLANG_ENABLE_OBJC_WEAK = YES;
				CLANG_WARN_BLOCK_CAPTURE_AUTORELEASING = YES;
				CLANG_WARN_BOOL_CONVERSION = YES;
				CLANG_WARN_COMMA = YES;
				CLANG_WARN_CONSTANT_CONVERSION = YES;
				CLANG_WARN_DEPRECATED_OBJC_IMPLEMENTATIONS = YES;
				CLANG_WARN_DIRECT_OBJC_ISA_USAGE = YES_ERROR;
				CLANG_WARN_DOCUMENTATION_COMMENTS = YES;
				CLANG_WARN_EMPTY_BODY = YES;
				CLANG_WARN_ENUM_CONVERSION = YES;
				CLANG_WARN_INFINITE_RECURSION = YES;
				CLANG_WARN_INT_CONVERSION = YES;
				CLANG_WARN_NON_LITERAL_NULL_CONVERSION = YES;
				CLANG_WARN_OBJC_IMPLICIT_RETAIN_SELF = YES;
				CLANG_WARN_OBJC_LITERAL_CONVERSION = YES;
				CLANG_WARN_OBJC_ROOT_CLASS = YES_ERROR;
				CLANG_WARN_RANGE_LOOP_ANALYSIS = YES;
				CLANG_WARN_STRICT_PROTOTYPES = YES;
				CLANG_WARN_SUSPICIOUS_MOVE = YES;
				CLANG_WARN_UNGUARDED_AVAILABILITY = YES_AGGRESSIVE;
				CLANG_WARN_UNREACHABLE_CODE = YES;
				CLANG_WARN__DUPLICATE_METHOD_MATCH = YES;
				CODE_SIGN_IDENTITY = "iPhone Developer";
				COPY_PHASE_STRIP = NO;
				DEBUG_INFORMATION_FORMAT = "dwarf-with-dsym";
				ENABLE_NS_ASSERTIONS = NO;
				ENABLE_STRICT_OBJC_MSGSEND = YES;
				GCC_C_LANGUAGE_STANDARD = gnu11;
				GCC_NO_COMMON_BLOCKS = YES;
				GCC_WARN_64_TO_32_BIT_CONVERSION = YES;
				GCC_WARN_ABOUT_RETURN_TYPE = YES_ERROR;
				GCC_WARN_UNDECLARED_SELECTOR = YES;
				GCC_WARN_UNINITIALIZED_AUTOS = YES_AGGRESSIVE;
				GCC_WARN_UNUSED_FUNCTION = YES;
				GCC_WARN_UNUSED_VARIABLE = YES;
				IPHONEOS_DEPLOYMENT_TARGET = 12.2;
				MTL_ENABLE_DEBUG_INFO = NO;
				MTL_FAST_MATH = YES;
				SDKROOT = iphoneos;
				SWIFT_COMPILATION_MODE = wholemodule;
				SWIFT_OPTIMIZATION_LEVEL = "-O";
				VALIDATE_PRODUCT = YES;
			};
			name = Release;
		};
		96D0389D2294392E00124724 /* Debug */ = {
			isa = XCBuildConfiguration;
			buildSettings = {
				ASSETCATALOG_COMPILER_APPICON_NAME = AppIcon;
				CODE_SIGN_STYLE = Automatic;
				DEVELOPMENT_TEAM = 9YN493UFZE;
				INFOPLIST_FILE = "INIAD IoT/Info.plist";
				LD_RUNPATH_SEARCH_PATHS = (
					"$(inherited)",
					"@executable_path/Frameworks",
				);
				PRODUCT_BUNDLE_IDENTIFIER = "dev.iniad.app.INIAD-IoT";
				PRODUCT_NAME = "$(TARGET_NAME)";
				SWIFT_VERSION = 5.0;
				TARGETED_DEVICE_FAMILY = "1,2";
			};
			name = Debug;
		};
		96D0389E2294392E00124724 /* Release */ = {
			isa = XCBuildConfiguration;
			buildSettings = {
				ASSETCATALOG_COMPILER_APPICON_NAME = AppIcon;
				CODE_SIGN_STYLE = Automatic;
				DEVELOPMENT_TEAM = 9YN493UFZE;
				INFOPLIST_FILE = "INIAD IoT/Info.plist";
				LD_RUNPATH_SEARCH_PATHS = (
					"$(inherited)",
					"@executable_path/Frameworks",
				);
				PRODUCT_BUNDLE_IDENTIFIER = "dev.iniad.app.INIAD-IoT";
				PRODUCT_NAME = "$(TARGET_NAME)";
				SWIFT_VERSION = 5.0;
				TARGETED_DEVICE_FAMILY = "1,2";
			};
			name = Release;
		};
		96D038A02294392E00124724 /* Debug */ = {
			isa = XCBuildConfiguration;
			buildSettings = {
				ALWAYS_EMBED_SWIFT_STANDARD_LIBRARIES = YES;
				BUNDLE_LOADER = "$(TEST_HOST)";
				CODE_SIGN_STYLE = Automatic;
				DEVELOPMENT_TEAM = 9YN493UFZE;
				INFOPLIST_FILE = "INIAD IoTTests/Info.plist";
				LD_RUNPATH_SEARCH_PATHS = (
					"$(inherited)",
					"@executable_path/Frameworks",
					"@loader_path/Frameworks",
				);
				PRODUCT_BUNDLE_IDENTIFIER = "dev.iniad.app.INIAD-IoTTests";
				PRODUCT_NAME = "$(TARGET_NAME)";
				SWIFT_VERSION = 5.0;
				TARGETED_DEVICE_FAMILY = "1,2";
				TEST_HOST = "$(BUILT_PRODUCTS_DIR)/INIAD IoT.app/INIAD IoT";
			};
			name = Debug;
		};
		96D038A12294392E00124724 /* Release */ = {
			isa = XCBuildConfiguration;
			buildSettings = {
				ALWAYS_EMBED_SWIFT_STANDARD_LIBRARIES = YES;
				BUNDLE_LOADER = "$(TEST_HOST)";
				CODE_SIGN_STYLE = Automatic;
				DEVELOPMENT_TEAM = 9YN493UFZE;
				INFOPLIST_FILE = "INIAD IoTTests/Info.plist";
				LD_RUNPATH_SEARCH_PATHS = (
					"$(inherited)",
					"@executable_path/Frameworks",
					"@loader_path/Frameworks",
				);
				PRODUCT_BUNDLE_IDENTIFIER = "dev.iniad.app.INIAD-IoTTests";
				PRODUCT_NAME = "$(TARGET_NAME)";
				SWIFT_VERSION = 5.0;
				TARGETED_DEVICE_FAMILY = "1,2";
				TEST_HOST = "$(BUILT_PRODUCTS_DIR)/INIAD IoT.app/INIAD IoT";
			};
			name = Release;
		};
		96D038A32294392E00124724 /* Debug */ = {
			isa = XCBuildConfiguration;
			buildSettings = {
				ALWAYS_EMBED_SWIFT_STANDARD_LIBRARIES = YES;
				CODE_SIGN_STYLE = Automatic;
				DEVELOPMENT_TEAM = 9YN493UFZE;
				INFOPLIST_FILE = "INIAD IoTUITests/Info.plist";
				LD_RUNPATH_SEARCH_PATHS = (
					"$(inherited)",
					"@executable_path/Frameworks",
					"@loader_path/Frameworks",
				);
				PRODUCT_BUNDLE_IDENTIFIER = "dev.iniad.app.INIAD-IoTUITests";
				PRODUCT_NAME = "$(TARGET_NAME)";
				SWIFT_VERSION = 5.0;
				TARGETED_DEVICE_FAMILY = "1,2";
				TEST_TARGET_NAME = "INIAD IoT";
			};
			name = Debug;
		};
		96D038A42294392E00124724 /* Release */ = {
			isa = XCBuildConfiguration;
			buildSettings = {
				ALWAYS_EMBED_SWIFT_STANDARD_LIBRARIES = YES;
				CODE_SIGN_STYLE = Automatic;
				DEVELOPMENT_TEAM = 9YN493UFZE;
				INFOPLIST_FILE = "INIAD IoTUITests/Info.plist";
				LD_RUNPATH_SEARCH_PATHS = (
					"$(inherited)",
					"@executable_path/Frameworks",
					"@loader_path/Frameworks",
				);
				PRODUCT_BUNDLE_IDENTIFIER = "dev.iniad.app.INIAD-IoTUITests";
				PRODUCT_NAME = "$(TARGET_NAME)";
				SWIFT_VERSION = 5.0;
				TARGETED_DEVICE_FAMILY = "1,2";
				TEST_TARGET_NAME = "INIAD IoT";
			};
			name = Release;
		};
/* End XCBuildConfiguration section */

/* Begin XCConfigurationList section */
		96D0386F2294392D00124724 /* Build configuration list for PBXProject "INIAD IoT" */ = {
			isa = XCConfigurationList;
			buildConfigurations = (
				96D0389A2294392E00124724 /* Debug */,
				96D0389B2294392E00124724 /* Release */,
			);
			defaultConfigurationIsVisible = 0;
			defaultConfigurationName = Release;
		};
		96D0389C2294392E00124724 /* Build configuration list for PBXNativeTarget "INIAD IoT" */ = {
			isa = XCConfigurationList;
			buildConfigurations = (
				96D0389D2294392E00124724 /* Debug */,
				96D0389E2294392E00124724 /* Release */,
			);
			defaultConfigurationIsVisible = 0;
			defaultConfigurationName = Release;
		};
		96D0389F2294392E00124724 /* Build configuration list for PBXNativeTarget "INIAD IoTTests" */ = {
			isa = XCConfigurationList;
			buildConfigurations = (
				96D038A02294392E00124724 /* Debug */,
				96D038A12294392E00124724 /* Release */,
			);
			defaultConfigurationIsVisible = 0;
			defaultConfigurationName = Release;
		};
		96D038A22294392E00124724 /* Build configuration list for PBXNativeTarget "INIAD IoTUITests" */ = {
			isa = XCConfigurationList;
			buildConfigurations = (
				96D038A32294392E00124724 /* Debug */,
				96D038A42294392E00124724 /* Release */,
			);
			defaultConfigurationIsVisible = 0;
			defaultConfigurationName = Release;
		};
/* End XCConfigurationList section */
	};
	rootObject = 96D0386C2294392D00124724 /* Project object */;
}
